
Microsoft Visual Studio Solution File, Format Version 12.00
# Visual Studio 14
VisualStudioVersion = 14.0.25420.1
MinimumVisualStudioVersion = 10.0.40219.1
Project("{8BB2217D-0F2D-49D1-97BC-3654ED321F3B}") = "Serilog.Sinks.SQLite", "src\Serilog.Sinks.SQLite\Serilog.Sinks.SQLite.xproj", "{AD33D2A2-B8CA-4C5B-A36D-AA2E5DD43332}"
EndProject
Global
	GlobalSection(SolutionConfigurationPlatforms) = preSolution
		Debug|Any CPU = Debug|Any CPU
		Release|Any CPU = Release|Any CPU
	EndGlobalSection
	GlobalSection(ProjectConfigurationPlatforms) = postSolution
		{AD33D2A2-B8CA-4C5B-A36D-AA2E5DD43332}.Debug|Any CPU.ActiveCfg = Debug|Any CPU
		{AD33D2A2-B8CA-4C5B-A36D-AA2E5DD43332}.Debug|Any CPU.Build.0 = Debug|Any CPU
		{AD33D2A2-B8CA-4C5B-A36D-AA2E5DD43332}.Release|Any CPU.ActiveCfg = Release|Any CPU
		{AD33D2A2-B8CA-4C5B-A36D-AA2E5DD43332}.Release|Any CPU.Build.0 = Release|Any CPU
	EndGlobalSection
	GlobalSection(SolutionProperties) = preSolution
		HideSolutionNode = FALSE
	EndGlobalSection
EndGlobal
